// !$*UTF8*$!
{
	archiveVersion = 1;
	classes = {
	};
	objectVersion = 46;
	objects = {

/* Begin PBXBuildFile section */
		CF0CAB3B1DAE958700F4FFEF /* main.swift in Sources */ = {isa = PBXBuildFile; fileRef = CF0CAB3A1DAE958700F4FFEF /* main.swift */; };
		CF0CAB421DAEAA9E00F4FFEF /* Io.swift in Sources */ = {isa = PBXBuildFile; fileRef = CF0CAB411DAEAA9E00F4FFEF /* Io.swift */; };
		CF0CAB441DAEAAA900F4FFEF /* Interactive.swift in Sources */ = {isa = PBXBuildFile; fileRef = CF0CAB431DAEAAA900F4FFEF /* Interactive.swift */; };
		CF0CAB461DAEAABA00F4FFEF /* Library.swift in Sources */ = {isa = PBXBuildFile; fileRef = CF0CAB451DAEAABA00F4FFEF /* Library.swift */; };
/* End PBXBuildFile section */

/* Begin PBXCopyFilesBuildPhase section */
		CF0CAB351DAE958700F4FFEF /* CopyFiles */ = {
			isa = PBXCopyFilesBuildPhase;
			buildActionMask = 2147483647;
			dstPath = /usr/share/man/man1/;
			dstSubfolderSpec = 0;
			files = (
			);
			runOnlyForDeploymentPostprocessing = 1;
		};
/* End PBXCopyFilesBuildPhase section */

/* Begin PBXFileReference section */
		CF0CAB371DAE958700F4FFEF /* swiftLibraryBronze */ = {isa = PBXFileReference; explicitFileType = "compiled.mach-o.executable"; includeInIndex = 0; path = swiftLibraryBronze; sourceTree = BUILT_PRODUCTS_DIR; };
		CF0CAB3A1DAE958700F4FFEF /* main.swift */ = {isa = PBXFileReference; lastKnownFileType = sourcecode.swift; path = main.swift; sourceTree = "<group>"; };
		CF0CAB411DAEAA9E00F4FFEF /* Io.swift */ = {isa = PBXFileReference; fileEncoding = 4; lastKnownFileType = sourcecode.swift; path = Io.swift; sourceTree = "<group>"; };
		CF0CAB431DAEAAA900F4FFEF /* Interactive.swift */ = {isa = PBXFileReference; fileEncoding = 4; lastKnownFileType = sourcecode.swift; path = Interactive.swift; sourceTree = "<group>"; };
		CF0CAB451DAEAABA00F4FFEF /* Library.swift */ = {isa = PBXFileReference; fileEncoding = 4; lastKnownFileType = sourcecode.swift; path = Library.swift; sourceTree = "<group>"; };
/* End PBXFileReference section */

/* Begin PBXFrameworksBuildPhase section */
		CF0CAB341DAE958700F4FFEF /* Frameworks */ = {
			isa = PBXFrameworksBuildPhase;
			buildActionMask = 2147483647;
			files = (
			);
			runOnlyForDeploymentPostprocessing = 0;
		};
/* End PBXFrameworksBuildPhase section */

/* Begin PBXGroup section */
		CF0CAB2E1DAE958600F4FFEF = {
			isa = PBXGroup;
			children = (
				CF0CAB391DAE958700F4FFEF /* swiftLibraryBronze */,
				CF0CAB381DAE958700F4FFEF /* Products */,
			);
			sourceTree = "<group>";
		};
		CF0CAB381DAE958700F4FFEF /* Products */ = {
			isa = PBXGroup;
			children = (
				CF0CAB371DAE958700F4FFEF /* swiftLibraryBronze */,
			);
			name = Products;
			sourceTree = "<group>";
		};
		CF0CAB391DAE958700F4FFEF /* swiftLibraryBronze */ = {
			isa = PBXGroup;
			children = (
				CF0CAB3A1DAE958700F4FFEF /* main.swift */,
				CF0CAB411DAEAA9E00F4FFEF /* Io.swift */,
				CF0CAB451DAEAABA00F4FFEF /* Library.swift */,
				CF0CAB431DAEAAA900F4FFEF /* Interactive.swift */,
			);
			path = swiftLibraryBronze;
			sourceTree = "<group>";
		};
/* End PBXGroup section */

/* Begin PBXNativeTarget section */
		CF0CAB361DAE958700F4FFEF /* swiftLibraryBronze */ = {
			isa = PBXNativeTarget;
			buildConfigurationList = CF0CAB3E1DAE958700F4FFEF /* Build configuration list for PBXNativeTarget "swiftLibraryBronze" */;
			buildPhases = (
				CF0CAB331DAE958700F4FFEF /* Sources */,
				CF0CAB341DAE958700F4FFEF /* Frameworks */,
				CF0CAB351DAE958700F4FFEF /* CopyFiles */,
			);
			buildRules = (
			);
			dependencies = (
			);
			name = swiftLibraryBronze;
			productName = swiftLibraryBronze;
			productReference = CF0CAB371DAE958700F4FFEF /* swiftLibraryBronze */;
			productType = "com.apple.product-type.tool";
		};
/* End PBXNativeTarget section */

/* Begin PBXProject section */
		CF0CAB2F1DAE958700F4FFEF /* Project object */ = {
			isa = PBXProject;
			attributes = {
				LastSwiftUpdateCheck = 0800;
				LastUpgradeCheck = 0800;
				ORGANIZATIONNAME = Interapt;
				TargetAttributes = {
					CF0CAB361DAE958700F4FFEF = {
						CreatedOnToolsVersion = 8.0;
						DevelopmentTeam = Y8CEY24W2U;
						ProvisioningStyle = Automatic;
					};
				};
			};
			buildConfigurationList = CF0CAB321DAE958700F4FFEF /* Build configuration list for PBXProject "swiftLibraryBronze" */;
			compatibilityVersion = "Xcode 3.2";
			developmentRegion = English;
			hasScannedForEncodings = 0;
			knownRegions = (
				en,
			);
			mainGroup = CF0CAB2E1DAE958600F4FFEF;
			productRefGroup = CF0CAB381DAE958700F4FFEF /* Products */;
			projectDirPath = "";
			projectRoot = "";
			targets = (
				CF0CAB361DAE958700F4FFEF /* swiftLibraryBronze */,
			);
		};
/* End PBXProject section */

/* Begin PBXSourcesBuildPhase section */
		CF0CAB331DAE958700F4FFEF /* Sources */ = {
			isa = PBXSourcesBuildPhase;
			buildActionMask = 2147483647;
			files = (
				CF0CAB441DAEAAA900F4FFEF /* Interactive.swift in Sources */,
				CF0CAB461DAEAABA00F4FFEF /* Library.swift in Sources */,
				CF0CAB3B1DAE958700F4FFEF /* main.swift in Sources */,
				CF0CAB421DAEAA9E00F4FFEF /* Io.swift in Sources */,
			);
			runOnlyForDeploymentPostprocessing = 0;
		};
/* End PBXSourcesBuildPhase section */

/* Begin XCBuildConfiguration section */
		CF0CAB3C1DAE958700F4FFEF /* Debug */ = {
			isa = XCBuildConfiguration;
			buildSettings = {
				ALWAYS_SEARCH_USER_PATHS = NO;
				CLANG_ANALYZER_NONNULL = YES;
				CLANG_CXX_LANGUAGE_STANDARD = "gnu++0x";
				CLANG_CXX_LIBRARY = "libc++";
				CLANG_ENABLE_MODULES = YES;
				CLANG_ENABLE_OBJC_ARC = YES;
				CLANG_WARN_BOOL_CONVERSION = YES;
				CLANG_WARN_CONSTANT_CONVERSION = YES;
				CLANG_WARN_DIRECT_OBJC_ISA_USAGE = YES_ERROR;
				CLANG_WARN_DOCUMENTATION_COMMENTS = YES;
				CLANG_WARN_EMPTY_BODY = YES;
				CLANG_WARN_ENUM_CONVERSION = YES;
				CLANG_WARN_INFINITE_RECURSION = YES;
				CLANG_WARN_INT_CONVERSION = YES;
				CLANG_WARN_OBJC_ROOT_CLASS = YES_ERROR;
				CLANG_WARN_SUSPICIOUS_MOVES = YES;
				CLANG_WARN_UNREACHABLE_CODE = YES;
				CLANG_WARN__DUPLICATE_METHOD_MATCH = YES;
				CODE_SIGN_IDENTITY = "-";
				COPY_PHASE_STRIP = NO;
				DEBUG_INFORMATION_FORMAT = dwarf;
				ENABLE_STRICT_OBJC_MSGSEND = YES;
				ENABLE_TESTABILITY = YES;
				GCC_C_LANGUAGE_STANDARD = gnu99;
				GCC_DYNAMIC_NO_PIC = NO;
				GCC_NO_COMMON_BLOCKS = YES;
				GCC_OPTIMIZATION_LEVEL = 0;
				GCC_PREPROCESSOR_DEFINITIONS = (
					"DEBUG=1",
					"$(inherited)",
				);
				GCC_WARN_64_TO_32_BIT_CONVERSION = YES;
				GCC_WARN_ABOUT_RETURN_TYPE = YES_ERROR;
				GCC_WARN_UNDECLARED_SELECTOR = YES;
				GCC_WARN_UNINITIALIZED_AUTOS = YES_AGGRESSIVE;
				GCC_WARN_UNUSED_FUNCTION = YES;
				GCC_WARN_UNUSED_VARIABLE = YES;
				MACOSX_DEPLOYMENT_TARGET = 10.11;
				MTL_ENABLE_DEBUG_INFO = YES;
				ONLY_ACTIVE_ARCH = YES;
				SDKROOT = macosx;
				SWIFT_OPTIMIZATION_LEVEL = "-Onone";
			};
			name = Debug;
		};
		CF0CAB3D1DAE958700F4FFEF /* Release */ = {
			isa = XCBuildConfiguration;
			buildSettings = {
				ALWAYS_SEARCH_USER_PATHS = NO;
				CLANG_ANALYZER_NONNULL = YES;
				CLANG_CXX_LANGUAGE_STANDARD = "gnu++0x";
				CLANG_CXX_LIBRARY = "libc++";
				CLANG_ENABLE_MODULES = YES;
				CLANG_ENABLE_OBJC_ARC = YES;
				CLANG_WARN_BOOL_CONVERSION = YES;
				CLANG_WARN_CONSTANT_CONVERSION = YES;
				CLANG_WARN_DIRECT_OBJC_ISA_USAGE = YES_ERROR;
				CLANG_WARN_DOCUMENTATION_COMMENTS = YES;
				CLANG_WARN_EMPTY_BODY = YES;
				CLANG_WARN_ENUM_CONVERSION = YES;
				CLANG_WARN_INFINITE_RECURSION = YES;
				CLANG_WARN_INT_CONVERSION = YES;
				CLANG_WARN_OBJC_ROOT_CLASS = YES_ERROR;
				CLANG_WARN_SUSPICIOUS_MOVES = YES;
				CLANG_WARN_UNREACHABLE_CODE = YES;
				CLANG_WARN__DUPLICATE_METHOD_MATCH = YES;
				CODE_SIGN_IDENTITY = "-";
				COPY_PHASE_STRIP = NO;
				DEBUG_INFORMATION_FORMAT = "dwarf-with-dsym";
				ENABLE_NS_ASSERTIONS = NO;
				ENABLE_STRICT_OBJC_MSGSEND = YES;
				GCC_C_LANGUAGE_STANDARD = gnu99;
				GCC_NO_COMMON_BLOCKS = YES;
				GCC_WARN_64_TO_32_BIT_CONVERSION = YES;
				GCC_WARN_ABOUT_RETURN_TYPE = YES_ERROR;
				GCC_WARN_UNDECLARED_SELECTOR = YES;
				GCC_WARN_UNINITIALIZED_AUTOS = YES_AGGRESSIVE;
				GCC_WARN_UNUSED_FUNCTION = YES;
				GCC_WARN_UNUSED_VARIABLE = YES;
				MACOSX_DEPLOYMENT_TARGET = 10.11;
				MTL_ENABLE_DEBUG_INFO = NO;
				SDKROOT = macosx;
			};
			name = Release;
		};
		CF0CAB3F1DAE958700F4FFEF /* Debug */ = {
			isa = XCBuildConfiguration;
			buildSettings = {
				DEVELOPMENT_TEAM = Y8CEY24W2U;
				PRODUCT_NAME = "$(TARGET_NAME)";
				SWIFT_VERSION = 3.0;
			};
			name = Debug;
		};
		CF0CAB401DAE958700F4FFEF /* Release */ = {
			isa = XCBuildConfiguration;
			buildSettings = {
				DEVELOPMENT_TEAM = Y8CEY24W2U;
				PRODUCT_NAME = "$(TARGET_NAME)";
				SWIFT_VERSION = 3.0;
			};
			name = Release;
		};
/* End XCBuildConfiguration section */

/* Begin XCConfigurationList section */
		CF0CAB321DAE958700F4FFEF /* Build configuration list for PBXProject "swiftLibraryBronze" */ = {
			isa = XCConfigurationList;
			buildConfigurations = (
				CF0CAB3C1DAE958700F4FFEF /* Debug */,
				CF0CAB3D1DAE958700F4FFEF /* Release */,
			);
			defaultConfigurationIsVisible = 0;
			defaultConfigurationName = Release;
		};
		CF0CAB3E1DAE958700F4FFEF /* Build configuration list for PBXNativeTarget "swiftLibraryBronze" */ = {
			isa = XCConfigurationList;
			buildConfigurations = (
				CF0CAB3F1DAE958700F4FFEF /* Debug */,
				CF0CAB401DAE958700F4FFEF /* Release */,
			);
			defaultConfigurationIsVisible = 0;
			defaultConfigurationName = Release;
		};
/* End XCConfigurationList section */
	};
	rootObject = CF0CAB2F1DAE958700F4FFEF /* Project object */;
}
